
Microsoft Visual Studio Solution File, Format Version 12.00
# Visual Studio 15
Project("{FAE04EC0-301F-11D3-BF4B-00C04F79EFBC}") = "Assembly-CSharp", "Assembly-CSharp.csproj", "{D0D8AC75-F469-F0D2-5C90-77DC54B1FB23}"
EndProject
Project("{FAE04EC0-301F-11D3-BF4B-00C04F79EFBC}") = "Assembly-CSharp-Editor", "Assembly-CSharp-Editor.csproj", "{74AAEDBB-840C-9E86-6AA3-81B0D7EE8473}"
EndProject
Global
	GlobalSection(SolutionConfigurationPlatforms) = preSolution
		Debug|Any CPU = Debug|Any CPU
		Release|Any CPU = Release|Any CPU
	EndGlobalSection
	GlobalSection(ProjectConfigurationPlatforms) = postSolution
		{D0D8AC75-F469-F0D2-5C90-77DC54B1FB23}.Debug|Any CPU.ActiveCfg = Debug|Any CPU
		{D0D8AC75-F469-F0D2-5C90-77DC54B1FB23}.Debug|Any CPU.Build.0 = Debug|Any CPU
		{D0D8AC75-F469-F0D2-5C90-77DC54B1FB23}.Release|Any CPU.ActiveCfg = Release|Any CPU
		{D0D8AC75-F469-F0D2-5C90-77DC54B1FB23}.Release|Any CPU.Build.0 = Release|Any CPU
		{74AAEDBB-840C-9E86-6AA3-81B0D7EE8473}.Debug|Any CPU.ActiveCfg = Debug|Any CPU
		{74AAEDBB-840C-9E86-6AA3-81B0D7EE8473}.Debug|Any CPU.Build.0 = Debug|Any CPU
		{74AAEDBB-840C-9E86-6AA3-81B0D7EE8473}.Release|Any CPU.ActiveCfg = Release|Any CPU
		{74AAEDBB-840C-9E86-6AA3-81B0D7EE8473}.Release|Any CPU.Build.0 = Release|Any CPU
	EndGlobalSection
	GlobalSection(SolutionProperties) = preSolution
		HideSolutionNode = FALSE
	EndGlobalSection
EndGlobal
